// !$*UTF8*$!
{
	archiveVersion = 1;
	classes = {
	};
	objectVersion = 56;
	objects = {

/* Begin PBXBuildFile section */
		3876804A2C5554B8008AED3D /* AppDelegate.swift in Sources */ = {isa = PBXBuildFile; fileRef = 387680492C5554B8008AED3D /* AppDelegate.swift */; };
		3876804C2C5554B8008AED3D /* SceneDelegate.swift in Sources */ = {isa = PBXBuildFile; fileRef = 3876804B2C5554B8008AED3D /* SceneDelegate.swift */; };
		387680532C5554BC008AED3D /* Assets.xcassets in Resources */ = {isa = PBXBuildFile; fileRef = 387680522C5554BC008AED3D /* Assets.xcassets */; };
		387680562C5554BC008AED3D /* LaunchScreen.storyboard in Resources */ = {isa = PBXBuildFile; fileRef = 387680542C5554BC008AED3D /* LaunchScreen.storyboard */; };
		387680652C5562B4008AED3D /* HomeVC.swift in Sources */ = {isa = PBXBuildFile; fileRef = 387680642C5562B4008AED3D /* HomeVC.swift */; };
		387680672C5562CD008AED3D /* CartVC.swift in Sources */ = {isa = PBXBuildFile; fileRef = 387680662C5562CD008AED3D /* CartVC.swift */; };
		3876806B2C5565A0008AED3D /* ProfileVC.swift in Sources */ = {isa = PBXBuildFile; fileRef = 3876806A2C5565A0008AED3D /* ProfileVC.swift */; };
		3876806D2C5565B2008AED3D /* FavoriteVC.swift in Sources */ = {isa = PBXBuildFile; fileRef = 3876806C2C5565B2008AED3D /* FavoriteVC.swift */; };
		3876806F2C556ACF008AED3D /* CustomTabBar.swift in Sources */ = {isa = PBXBuildFile; fileRef = 3876806E2C556ACF008AED3D /* CustomTabBar.swift */; };
		387680722C55784E008AED3D /* NetworkManager.swift in Sources */ = {isa = PBXBuildFile; fileRef = 387680712C55784E008AED3D /* NetworkManager.swift */; };
		387680742C557AAB008AED3D /* Product.swift in Sources */ = {isa = PBXBuildFile; fileRef = 387680732C557AAB008AED3D /* Product.swift */; };
		387680762C557FA2008AED3D /* ProductCell.swift in Sources */ = {isa = PBXBuildFile; fileRef = 387680752C557FA2008AED3D /* ProductCell.swift */; };
/* End PBXBuildFile section */

/* Begin PBXFileReference section */
		387680462C5554B8008AED3D /* ShoppingApp.app */ = {isa = PBXFileReference; explicitFileType = wrapper.application; includeInIndex = 0; path = ShoppingApp.app; sourceTree = BUILT_PRODUCTS_DIR; };
		387680492C5554B8008AED3D /* AppDelegate.swift */ = {isa = PBXFileReference; lastKnownFileType = sourcecode.swift; path = AppDelegate.swift; sourceTree = "<group>"; };
		3876804B2C5554B8008AED3D /* SceneDelegate.swift */ = {isa = PBXFileReference; lastKnownFileType = sourcecode.swift; path = SceneDelegate.swift; sourceTree = "<group>"; };
		387680522C5554BC008AED3D /* Assets.xcassets */ = {isa = PBXFileReference; lastKnownFileType = folder.assetcatalog; path = Assets.xcassets; sourceTree = "<group>"; };
		387680552C5554BC008AED3D /* Base */ = {isa = PBXFileReference; lastKnownFileType = file.storyboard; name = Base; path = Base.lproj/LaunchScreen.storyboard; sourceTree = "<group>"; };
		387680572C5554BC008AED3D /* Info.plist */ = {isa = PBXFileReference; lastKnownFileType = text.plist.xml; path = Info.plist; sourceTree = "<group>"; };
		387680642C5562B4008AED3D /* HomeVC.swift */ = {isa = PBXFileReference; lastKnownFileType = sourcecode.swift; path = HomeVC.swift; sourceTree = "<group>"; };
		387680662C5562CD008AED3D /* CartVC.swift */ = {isa = PBXFileReference; lastKnownFileType = sourcecode.swift; path = CartVC.swift; sourceTree = "<group>"; };
		3876806A2C5565A0008AED3D /* ProfileVC.swift */ = {isa = PBXFileReference; lastKnownFileType = sourcecode.swift; path = ProfileVC.swift; sourceTree = "<group>"; };
		3876806C2C5565B2008AED3D /* FavoriteVC.swift */ = {isa = PBXFileReference; lastKnownFileType = sourcecode.swift; path = FavoriteVC.swift; sourceTree = "<group>"; };
		3876806E2C556ACF008AED3D /* CustomTabBar.swift */ = {isa = PBXFileReference; lastKnownFileType = sourcecode.swift; path = CustomTabBar.swift; sourceTree = "<group>"; };
		387680712C55784E008AED3D /* NetworkManager.swift */ = {isa = PBXFileReference; lastKnownFileType = sourcecode.swift; path = NetworkManager.swift; sourceTree = "<group>"; };
		387680732C557AAB008AED3D /* Product.swift */ = {isa = PBXFileReference; lastKnownFileType = sourcecode.swift; path = Product.swift; sourceTree = "<group>"; };
		387680752C557FA2008AED3D /* ProductCell.swift */ = {isa = PBXFileReference; lastKnownFileType = sourcecode.swift; path = ProductCell.swift; sourceTree = "<group>"; };
/* End PBXFileReference section */

/* Begin PBXFrameworksBuildPhase section */
		387680432C5554B8008AED3D /* Frameworks */ = {
			isa = PBXFrameworksBuildPhase;
			buildActionMask = 2147483647;
			files = (
			);
			runOnlyForDeploymentPostprocessing = 0;
		};
/* End PBXFrameworksBuildPhase section */

/* Begin PBXGroup section */
		3876803D2C5554B8008AED3D = {
			isa = PBXGroup;
			children = (
				387680482C5554B8008AED3D /* ShoppingApp */,
				387680472C5554B8008AED3D /* Products */,
			);
			sourceTree = "<group>";
		};
		387680472C5554B8008AED3D /* Products */ = {
			isa = PBXGroup;
			children = (
				387680462C5554B8008AED3D /* ShoppingApp.app */,
			);
			name = Products;
			sourceTree = "<group>";
		};
		387680482C5554B8008AED3D /* ShoppingApp */ = {
			isa = PBXGroup;
			children = (
				387680632C55618C008AED3D /* Service */,
				387680622C556187008AED3D /* Extensions */,
				387680612C556184008AED3D /* Model */,
				387680602C55617B008AED3D /* Utilities */,
				3876805F2C55616F008AED3D /* Custom Views */,
				3876805E2C556168008AED3D /* Screens */,
				3876805D2C556152008AED3D /* Support */,
				387680752C557FA2008AED3D /* ProductCell.swift */,
			);
			path = ShoppingApp;
			sourceTree = "<group>";
		};
		3876805D2C556152008AED3D /* Support */ = {
			isa = PBXGroup;
			children = (
				387680572C5554BC008AED3D /* Info.plist */,
				387680492C5554B8008AED3D /* AppDelegate.swift */,
				3876804B2C5554B8008AED3D /* SceneDelegate.swift */,
				387680522C5554BC008AED3D /* Assets.xcassets */,
				387680542C5554BC008AED3D /* LaunchScreen.storyboard */,
			);
			path = Support;
			sourceTree = "<group>";
		};
		3876805E2C556168008AED3D /* Screens */ = {
			isa = PBXGroup;
			children = (
				387680642C5562B4008AED3D /* HomeVC.swift */,
				387680662C5562CD008AED3D /* CartVC.swift */,
				3876806A2C5565A0008AED3D /* ProfileVC.swift */,
				3876806C2C5565B2008AED3D /* FavoriteVC.swift */,
			);
			path = Screens;
			sourceTree = "<group>";
		};
		3876805F2C55616F008AED3D /* Custom Views */ = {
			isa = PBXGroup;
			children = (
				387680702C556F4F008AED3D /* TabBar */,
			);
			path = "Custom Views";
			sourceTree = "<group>";
		};
		387680602C55617B008AED3D /* Utilities */ = {
			isa = PBXGroup;
			children = (
			);
			path = Utilities;
			sourceTree = "<group>";
		};
		387680612C556184008AED3D /* Model */ = {
			isa = PBXGroup;
			children = (
				387680732C557AAB008AED3D /* Product.swift */,
			);
			path = Model;
			sourceTree = "<group>";
		};
		387680622C556187008AED3D /* Extensions */ = {
			isa = PBXGroup;
			children = (
			);
			path = Extensions;
			sourceTree = "<group>";
		};
		387680632C55618C008AED3D /* Service */ = {
			isa = PBXGroup;
			children = (
				387680712C55784E008AED3D /* NetworkManager.swift */,
			);
			path = Service;
			sourceTree = "<group>";
		};
		387680702C556F4F008AED3D /* TabBar */ = {
			isa = PBXGroup;
			children = (
				3876806E2C556ACF008AED3D /* CustomTabBar.swift */,
			);
			path = TabBar;
			sourceTree = "<group>";
		};
/* End PBXGroup section */

/* Begin PBXNativeTarget section */
		387680452C5554B8008AED3D /* ShoppingApp */ = {
			isa = PBXNativeTarget;
			buildConfigurationList = 3876805A2C5554BC008AED3D /* Build configuration list for PBXNativeTarget "ShoppingApp" */;
			buildPhases = (
				387680422C5554B8008AED3D /* Sources */,
				387680432C5554B8008AED3D /* Frameworks */,
				387680442C5554B8008AED3D /* Resources */,
			);
			buildRules = (
			);
			dependencies = (
			);
			name = ShoppingApp;
			productName = ShoppingApp;
			productReference = 387680462C5554B8008AED3D /* ShoppingApp.app */;
			productType = "com.apple.product-type.application";
		};
/* End PBXNativeTarget section */

/* Begin PBXProject section */
		3876803E2C5554B8008AED3D /* Project object */ = {
			isa = PBXProject;
			attributes = {
				BuildIndependentTargetsInParallel = 1;
				LastSwiftUpdateCheck = 1500;
				LastUpgradeCheck = 1500;
				TargetAttributes = {
					387680452C5554B8008AED3D = {
						CreatedOnToolsVersion = 15.0.1;
					};
				};
			};
			buildConfigurationList = 387680412C5554B8008AED3D /* Build configuration list for PBXProject "ShoppingApp" */;
			compatibilityVersion = "Xcode 14.0";
			developmentRegion = en;
			hasScannedForEncodings = 0;
			knownRegions = (
				en,
				Base,
			);
			mainGroup = 3876803D2C5554B8008AED3D;
			productRefGroup = 387680472C5554B8008AED3D /* Products */;
			projectDirPath = "";
			projectRoot = "";
			targets = (
				387680452C5554B8008AED3D /* ShoppingApp */,
			);
		};
/* End PBXProject section */

/* Begin PBXResourcesBuildPhase section */
		387680442C5554B8008AED3D /* Resources */ = {
			isa = PBXResourcesBuildPhase;
			buildActionMask = 2147483647;
			files = (
				387680562C5554BC008AED3D /* LaunchScreen.storyboard in Resources */,
				387680532C5554BC008AED3D /* Assets.xcassets in Resources */,
			);
			runOnlyForDeploymentPostprocessing = 0;
		};
/* End PBXResourcesBuildPhase section */

/* Begin PBXSourcesBuildPhase section */
		387680422C5554B8008AED3D /* Sources */ = {
			isa = PBXSourcesBuildPhase;
			buildActionMask = 2147483647;
			files = (
				3876806B2C5565A0008AED3D /* ProfileVC.swift in Sources */,
				387680672C5562CD008AED3D /* CartVC.swift in Sources */,
				387680742C557AAB008AED3D /* Product.swift in Sources */,
				3876806F2C556ACF008AED3D /* CustomTabBar.swift in Sources */,
				387680652C5562B4008AED3D /* HomeVC.swift in Sources */,
				387680722C55784E008AED3D /* NetworkManager.swift in Sources */,
				3876804A2C5554B8008AED3D /* AppDelegate.swift in Sources */,
				387680762C557FA2008AED3D /* ProductCell.swift in Sources */,
				3876806D2C5565B2008AED3D /* FavoriteVC.swift in Sources */,
				3876804C2C5554B8008AED3D /* SceneDelegate.swift in Sources */,
			);
			runOnlyForDeploymentPostprocessing = 0;
		};
/* End PBXSourcesBuildPhase section */

/* Begin PBXVariantGroup section */
		387680542C5554BC008AED3D /* LaunchScreen.storyboard */ = {
			isa = PBXVariantGroup;
			children = (
				387680552C5554BC008AED3D /* Base */,
			);
			name = LaunchScreen.storyboard;
			sourceTree = "<group>";
		};
/* End PBXVariantGroup section */

/* Begin XCBuildConfiguration section */
		387680582C5554BC008AED3D /* Debug */ = {
			isa = XCBuildConfiguration;
			buildSettings = {
				ALWAYS_SEARCH_USER_PATHS = NO;
				ASSETCATALOG_COMPILER_GENERATE_SWIFT_ASSET_SYMBOL_EXTENSIONS = YES;
				CLANG_ANALYZER_NONNULL = YES;
				CLANG_ANALYZER_NUMBER_OBJECT_CONVERSION = YES_AGGRESSIVE;
				CLANG_CXX_LANGUAGE_STANDARD = "gnu++20";
				CLANG_ENABLE_MODULES = YES;
				CLANG_ENABLE_OBJC_ARC = YES;
				CLANG_ENABLE_OBJC_WEAK = YES;
				CLANG_WARN_BLOCK_CAPTURE_AUTORELEASING = YES;
				CLANG_WARN_BOOL_CONVERSION = YES;
				CLANG_WARN_COMMA = YES;
				CLANG_WARN_CONSTANT_CONVERSION = YES;
				CLANG_WARN_DEPRECATED_OBJC_IMPLEMENTATIONS = YES;
				CLANG_WARN_DIRECT_OBJC_ISA_USAGE = YES_ERROR;
				CLANG_WARN_DOCUMENTATION_COMMENTS = YES;
				CLANG_WARN_EMPTY_BODY = YES;
				CLANG_WARN_ENUM_CONVERSION = YES;
				CLANG_WARN_INFINITE_RECURSION = YES;
				CLANG_WARN_INT_CONVERSION = YES;
				CLANG_WARN_NON_LITERAL_NULL_CONVERSION = YES;
				CLANG_WARN_OBJC_IMPLICIT_RETAIN_SELF = YES;
				CLANG_WARN_OBJC_LITERAL_CONVERSION = YES;
				CLANG_WARN_OBJC_ROOT_CLASS = YES_ERROR;
				CLANG_WARN_QUOTED_INCLUDE_IN_FRAMEWORK_HEADER = YES;
				CLANG_WARN_RANGE_LOOP_ANALYSIS = YES;
				CLANG_WARN_STRICT_PROTOTYPES = YES;
				CLANG_WARN_SUSPICIOUS_MOVE = YES;
				CLANG_WARN_UNGUARDED_AVAILABILITY = YES_AGGRESSIVE;
				CLANG_WARN_UNREACHABLE_CODE = YES;
				CLANG_WARN__DUPLICATE_METHOD_MATCH = YES;
				COPY_PHASE_STRIP = NO;
				DEBUG_INFORMATION_FORMAT = dwarf;
				ENABLE_STRICT_OBJC_MSGSEND = YES;
				ENABLE_TESTABILITY = YES;
				ENABLE_USER_SCRIPT_SANDBOXING = YES;
				GCC_C_LANGUAGE_STANDARD = gnu17;
				GCC_DYNAMIC_NO_PIC = NO;
				GCC_NO_COMMON_BLOCKS = YES;
				GCC_OPTIMIZATION_LEVEL = 0;
				GCC_PREPROCESSOR_DEFINITIONS = (
					"DEBUG=1",
					"$(inherited)",
				);
				GCC_WARN_64_TO_32_BIT_CONVERSION = YES;
				GCC_WARN_ABOUT_RETURN_TYPE = YES_ERROR;
				GCC_WARN_UNDECLARED_SELECTOR = YES;
				GCC_WARN_UNINITIALIZED_AUTOS = YES_AGGRESSIVE;
				GCC_WARN_UNUSED_FUNCTION = YES;
				GCC_WARN_UNUSED_VARIABLE = YES;
				IPHONEOS_DEPLOYMENT_TARGET = 17.0;
				LOCALIZATION_PREFERS_STRING_CATALOGS = YES;
				MTL_ENABLE_DEBUG_INFO = INCLUDE_SOURCE;
				MTL_FAST_MATH = YES;
				ONLY_ACTIVE_ARCH = YES;
				SDKROOT = iphoneos;
				SWIFT_ACTIVE_COMPILATION_CONDITIONS = "DEBUG $(inherited)";
				SWIFT_OPTIMIZATION_LEVEL = "-Onone";
			};
			name = Debug;
		};
		387680592C5554BC008AED3D /* Release */ = {
			isa = XCBuildConfiguration;
			buildSettings = {
				ALWAYS_SEARCH_USER_PATHS = NO;
				ASSETCATALOG_COMPILER_GENERATE_SWIFT_ASSET_SYMBOL_EXTENSIONS = YES;
				CLANG_ANALYZER_NONNULL = YES;
				CLANG_ANALYZER_NUMBER_OBJECT_CONVERSION = YES_AGGRESSIVE;
				CLANG_CXX_LANGUAGE_STANDARD = "gnu++20";
				CLANG_ENABLE_MODULES = YES;
				CLANG_ENABLE_OBJC_ARC = YES;
				CLANG_ENABLE_OBJC_WEAK = YES;
				CLANG_WARN_BLOCK_CAPTURE_AUTORELEASING = YES;
				CLANG_WARN_BOOL_CONVERSION = YES;
				CLANG_WARN_COMMA = YES;
				CLANG_WARN_CONSTANT_CONVERSION = YES;
				CLANG_WARN_DEPRECATED_OBJC_IMPLEMENTATIONS = YES;
				CLANG_WARN_DIRECT_OBJC_ISA_USAGE = YES_ERROR;
				CLANG_WARN_DOCUMENTATION_COMMENTS = YES;
				CLANG_WARN_EMPTY_BODY = YES;
				CLANG_WARN_ENUM_CONVERSION = YES;
				CLANG_WARN_INFINITE_RECURSION = YES;
				CLANG_WARN_INT_CONVERSION = YES;
				CLANG_WARN_NON_LITERAL_NULL_CONVERSION = YES;
				CLANG_WARN_OBJC_IMPLICIT_RETAIN_SELF = YES;
				CLANG_WARN_OBJC_LITERAL_CONVERSION = YES;
				CLANG_WARN_OBJC_ROOT_CLASS = YES_ERROR;
				CLANG_WARN_QUOTED_INCLUDE_IN_FRAMEWORK_HEADER = YES;
				CLANG_WARN_RANGE_LOOP_ANALYSIS = YES;
				CLANG_WARN_STRICT_PROTOTYPES = YES;
				CLANG_WARN_SUSPICIOUS_MOVE = YES;
				CLANG_WARN_UNGUARDED_AVAILABILITY = YES_AGGRESSIVE;
				CLANG_WARN_UNREACHABLE_CODE = YES;
				CLANG_WARN__DUPLICATE_METHOD_MATCH = YES;
				COPY_PHASE_STRIP = NO;
				DEBUG_INFORMATION_FORMAT = "dwarf-with-dsym";
				ENABLE_NS_ASSERTIONS = NO;
				ENABLE_STRICT_OBJC_MSGSEND = YES;
				ENABLE_USER_SCRIPT_SANDBOXING = YES;
				GCC_C_LANGUAGE_STANDARD = gnu17;
				GCC_NO_COMMON_BLOCKS = YES;
				GCC_WARN_64_TO_32_BIT_CONVERSION = YES;
				GCC_WARN_ABOUT_RETURN_TYPE = YES_ERROR;
				GCC_WARN_UNDECLARED_SELECTOR = YES;
				GCC_WARN_UNINITIALIZED_AUTOS = YES_AGGRESSIVE;
				GCC_WARN_UNUSED_FUNCTION = YES;
				GCC_WARN_UNUSED_VARIABLE = YES;
				IPHONEOS_DEPLOYMENT_TARGET = 17.0;
				LOCALIZATION_PREFERS_STRING_CATALOGS = YES;
				MTL_ENABLE_DEBUG_INFO = NO;
				MTL_FAST_MATH = YES;
				SDKROOT = iphoneos;
				SWIFT_COMPILATION_MODE = wholemodule;
				VALIDATE_PRODUCT = YES;
			};
			name = Release;
		};
		3876805B2C5554BC008AED3D /* Debug */ = {
			isa = XCBuildConfiguration;
			buildSettings = {
				ASSETCATALOG_COMPILER_APPICON_NAME = AppIcon;
				ASSETCATALOG_COMPILER_GLOBAL_ACCENT_COLOR_NAME = AccentColor;
				CODE_SIGN_STYLE = Automatic;
				CURRENT_PROJECT_VERSION = 1;
				DEVELOPMENT_TEAM = S274C7V2R8;
				GENERATE_INFOPLIST_FILE = YES;
				INFOPLIST_FILE = ShoppingApp/Support/Info.plist;
				INFOPLIST_KEY_UIApplicationSupportsIndirectInputEvents = YES;
				INFOPLIST_KEY_UILaunchStoryboardName = LaunchScreen;
				INFOPLIST_KEY_UISupportedInterfaceOrientations_iPad = "UIInterfaceOrientationPortrait UIInterfaceOrientationPortraitUpsideDown UIInterfaceOrientationLandscapeLeft UIInterfaceOrientationLandscapeRight";
				INFOPLIST_KEY_UISupportedInterfaceOrientations_iPhone = "UIInterfaceOrientationPortrait UIInterfaceOrientationLandscapeLeft UIInterfaceOrientationLandscapeRight";
				LD_RUNPATH_SEARCH_PATHS = (
					"$(inherited)",
					"@executable_path/Frameworks",
				);
				MARKETING_VERSION = 1.0;
				PRODUCT_BUNDLE_IDENTIFIER = com.ramimutafa.ShoppingApp;
				PRODUCT_NAME = "$(TARGET_NAME)";
				SWIFT_EMIT_LOC_STRINGS = YES;
				SWIFT_VERSION = 5.0;
				TARGETED_DEVICE_FAMILY = "1,2";
			};
			name = Debug;
		};
		3876805C2C5554BC008AED3D /* Release */ = {
			isa = XCBuildConfiguration;
			buildSettings = {
				ASSETCATALOG_COMPILER_APPICON_NAME = AppIcon;
				ASSETCATALOG_COMPILER_GLOBAL_ACCENT_COLOR_NAME = AccentColor;
				CODE_SIGN_STYLE = Automatic;
				CURRENT_PROJECT_VERSION = 1;
				DEVELOPMENT_TEAM = S274C7V2R8;
				GENERATE_INFOPLIST_FILE = YES;
				INFOPLIST_FILE = ShoppingApp/Support/Info.plist;
				INFOPLIST_KEY_UIApplicationSupportsIndirectInputEvents = YES;
				INFOPLIST_KEY_UILaunchStoryboardName = LaunchScreen;
				INFOPLIST_KEY_UISupportedInterfaceOrientations_iPad = "UIInterfaceOrientationPortrait UIInterfaceOrientationPortraitUpsideDown UIInterfaceOrientationLandscapeLeft UIInterfaceOrientationLandscapeRight";
				INFOPLIST_KEY_UISupportedInterfaceOrientations_iPhone = "UIInterfaceOrientationPortrait UIInterfaceOrientationLandscapeLeft UIInterfaceOrientationLandscapeRight";
				LD_RUNPATH_SEARCH_PATHS = (
					"$(inherited)",
					"@executable_path/Frameworks",
				);
				MARKETING_VERSION = 1.0;
				PRODUCT_BUNDLE_IDENTIFIER = com.ramimutafa.ShoppingApp;
				PRODUCT_NAME = "$(TARGET_NAME)";
				SWIFT_EMIT_LOC_STRINGS = YES;
				SWIFT_VERSION = 5.0;
				TARGETED_DEVICE_FAMILY = "1,2";
			};
			name = Release;
		};
/* End XCBuildConfiguration section */

/* Begin XCConfigurationList section */
		387680412C5554B8008AED3D /* Build configuration list for PBXProject "ShoppingApp" */ = {
			isa = XCConfigurationList;
			buildConfigurations = (
				387680582C5554BC008AED3D /* Debug */,
				387680592C5554BC008AED3D /* Release */,
			);
			defaultConfigurationIsVisible = 0;
			defaultConfigurationName = Release;
		};
		3876805A2C5554BC008AED3D /* Build configuration list for PBXNativeTarget "ShoppingApp" */ = {
			isa = XCConfigurationList;
			buildConfigurations = (
				3876805B2C5554BC008AED3D /* Debug */,
				3876805C2C5554BC008AED3D /* Release */,
			);
			defaultConfigurationIsVisible = 0;
			defaultConfigurationName = Release;
		};
/* End XCConfigurationList section */
	};
	rootObject = 3876803E2C5554B8008AED3D /* Project object */;
}
