// !$*UTF8*$!
{
	archiveVersion = 1;
	classes = {
	};
	objectVersion = 56;
	objects = {

/* Begin PBXBuildFile section */
		381C10342C5AB36D006ECC70 /* AppDelegate.swift in Sources */ = {isa = PBXBuildFile; fileRef = 381C10332C5AB36D006ECC70 /* AppDelegate.swift */; };
		381C10362C5AB36D006ECC70 /* SceneDelegate.swift in Sources */ = {isa = PBXBuildFile; fileRef = 381C10352C5AB36D006ECC70 /* SceneDelegate.swift */; };
		381C10382C5AB36D006ECC70 /* ViewController.swift in Sources */ = {isa = PBXBuildFile; fileRef = 381C10372C5AB36D006ECC70 /* ViewController.swift */; };
		381C103B2C5AB36D006ECC70 /* Main.storyboard in Resources */ = {isa = PBXBuildFile; fileRef = 381C10392C5AB36D006ECC70 /* Main.storyboard */; };
		381C103D2C5AB36F006ECC70 /* Assets.xcassets in Resources */ = {isa = PBXBuildFile; fileRef = 381C103C2C5AB36F006ECC70 /* Assets.xcassets */; };
		381C10402C5AB36F006ECC70 /* LaunchScreen.storyboard in Resources */ = {isa = PBXBuildFile; fileRef = 381C103E2C5AB36F006ECC70 /* LaunchScreen.storyboard */; };
		381C10462C5AB3F3006ECC70 /* Assets.xcassets in Resources */ = {isa = PBXBuildFile; fileRef = 387680522C5554BC008AED3D /* Assets.xcassets */; };
		381C10492C5ABB5E006ECC70 /* SAButton.swift in Sources */ = {isa = PBXBuildFile; fileRef = 381C10482C5ABB5E006ECC70 /* SAButton.swift */; };
		381C104C2C5ABBA2006ECC70 /* SATextField.swift in Sources */ = {isa = PBXBuildFile; fileRef = 381C104B2C5ABBA2006ECC70 /* SATextField.swift */; };
		381C104E2C5ABBD3006ECC70 /* LoginVC.swift in Sources */ = {isa = PBXBuildFile; fileRef = 381C104D2C5ABBD3006ECC70 /* LoginVC.swift */; };
		381C10502C5ABCCB006ECC70 /* AuthHeaderView.swift in Sources */ = {isa = PBXBuildFile; fileRef = 381C104F2C5ABCCB006ECC70 /* AuthHeaderView.swift */; };
		381C10522C5ABD94006ECC70 /* RegisterVC.swift in Sources */ = {isa = PBXBuildFile; fileRef = 381C10512C5ABD94006ECC70 /* RegisterVC.swift */; };
		3876804A2C5554B8008AED3D /* AppDelegate.swift in Sources */ = {isa = PBXBuildFile; fileRef = 387680492C5554B8008AED3D /* AppDelegate.swift */; };
		3876804C2C5554B8008AED3D /* SceneDelegate.swift in Sources */ = {isa = PBXBuildFile; fileRef = 3876804B2C5554B8008AED3D /* SceneDelegate.swift */; };
		387680532C5554BC008AED3D /* Assets.xcassets in Resources */ = {isa = PBXBuildFile; fileRef = 387680522C5554BC008AED3D /* Assets.xcassets */; };
		387680562C5554BC008AED3D /* LaunchScreen.storyboard in Resources */ = {isa = PBXBuildFile; fileRef = 387680542C5554BC008AED3D /* LaunchScreen.storyboard */; };
		387680652C5562B4008AED3D /* HomeVC.swift in Sources */ = {isa = PBXBuildFile; fileRef = 387680642C5562B4008AED3D /* HomeVC.swift */; };
		387680672C5562CD008AED3D /* CartVC.swift in Sources */ = {isa = PBXBuildFile; fileRef = 387680662C5562CD008AED3D /* CartVC.swift */; };
		3876806B2C5565A0008AED3D /* ProfileVC.swift in Sources */ = {isa = PBXBuildFile; fileRef = 3876806A2C5565A0008AED3D /* ProfileVC.swift */; };
		3876806D2C5565B2008AED3D /* FavoriteVC.swift in Sources */ = {isa = PBXBuildFile; fileRef = 3876806C2C5565B2008AED3D /* FavoriteVC.swift */; };
		3876806F2C556ACF008AED3D /* CustomTabBar.swift in Sources */ = {isa = PBXBuildFile; fileRef = 3876806E2C556ACF008AED3D /* CustomTabBar.swift */; };
		387680722C55784E008AED3D /* NetworkManager.swift in Sources */ = {isa = PBXBuildFile; fileRef = 387680712C55784E008AED3D /* NetworkManager.swift */; };
		387680742C557AAB008AED3D /* Product.swift in Sources */ = {isa = PBXBuildFile; fileRef = 387680732C557AAB008AED3D /* Product.swift */; };
		387680762C557FA2008AED3D /* ProductCell.swift in Sources */ = {isa = PBXBuildFile; fileRef = 387680752C557FA2008AED3D /* ProductCell.swift */; };
		387680782C5596EE008AED3D /* DetailVC.swift in Sources */ = {isa = PBXBuildFile; fileRef = 387680772C5596EE008AED3D /* DetailVC.swift */; };
		3878C19B2C563F2700FB1E1D /* ProductImageView.swift in Sources */ = {isa = PBXBuildFile; fileRef = 3878C19A2C563F2700FB1E1D /* ProductImageView.swift */; };
		3878C19E2C56925200FB1E1D /* CartCell.swift in Sources */ = {isa = PBXBuildFile; fileRef = 3878C19D2C56925200FB1E1D /* CartCell.swift */; };
		3878C1A02C56926800FB1E1D /* CartItem.swift in Sources */ = {isa = PBXBuildFile; fileRef = 3878C19F2C56926800FB1E1D /* CartItem.swift */; };
		3878C1A22C56940600FB1E1D /* CartManager.swift in Sources */ = {isa = PBXBuildFile; fileRef = 3878C1A12C56940600FB1E1D /* CartManager.swift */; };
		3878C1A52C56A1CB00FB1E1D /* SnapKit in Frameworks */ = {isa = PBXBuildFile; productRef = 3878C1A42C56A1CB00FB1E1D /* SnapKit */; };
/* End PBXBuildFile section */

/* Begin PBXFileReference section */
		381C10312C5AB36D006ECC70 /* ShoppingAppAdmin.app */ = {isa = PBXFileReference; explicitFileType = wrapper.application; includeInIndex = 0; path = ShoppingAppAdmin.app; sourceTree = BUILT_PRODUCTS_DIR; };
		381C10332C5AB36D006ECC70 /* AppDelegate.swift */ = {isa = PBXFileReference; lastKnownFileType = sourcecode.swift; path = AppDelegate.swift; sourceTree = "<group>"; };
		381C10352C5AB36D006ECC70 /* SceneDelegate.swift */ = {isa = PBXFileReference; lastKnownFileType = sourcecode.swift; path = SceneDelegate.swift; sourceTree = "<group>"; };
		381C10372C5AB36D006ECC70 /* ViewController.swift */ = {isa = PBXFileReference; lastKnownFileType = sourcecode.swift; path = ViewController.swift; sourceTree = "<group>"; };
		381C103A2C5AB36D006ECC70 /* Base */ = {isa = PBXFileReference; lastKnownFileType = file.storyboard; name = Base; path = Base.lproj/Main.storyboard; sourceTree = "<group>"; };
		381C103C2C5AB36F006ECC70 /* Assets.xcassets */ = {isa = PBXFileReference; lastKnownFileType = folder.assetcatalog; path = Assets.xcassets; sourceTree = "<group>"; };
		381C103F2C5AB36F006ECC70 /* Base */ = {isa = PBXFileReference; lastKnownFileType = file.storyboard; name = Base; path = Base.lproj/LaunchScreen.storyboard; sourceTree = "<group>"; };
		381C10412C5AB36F006ECC70 /* Info.plist */ = {isa = PBXFileReference; lastKnownFileType = text.plist.xml; path = Info.plist; sourceTree = "<group>"; };
		381C10482C5ABB5E006ECC70 /* SAButton.swift */ = {isa = PBXFileReference; lastKnownFileType = sourcecode.swift; path = SAButton.swift; sourceTree = "<group>"; };
		381C104B2C5ABBA2006ECC70 /* SATextField.swift */ = {isa = PBXFileReference; lastKnownFileType = sourcecode.swift; path = SATextField.swift; sourceTree = "<group>"; };
		381C104D2C5ABBD3006ECC70 /* LoginVC.swift */ = {isa = PBXFileReference; lastKnownFileType = sourcecode.swift; path = LoginVC.swift; sourceTree = "<group>"; };
		381C104F2C5ABCCB006ECC70 /* AuthHeaderView.swift */ = {isa = PBXFileReference; lastKnownFileType = sourcecode.swift; path = AuthHeaderView.swift; sourceTree = "<group>"; };
		381C10512C5ABD94006ECC70 /* RegisterVC.swift */ = {isa = PBXFileReference; lastKnownFileType = sourcecode.swift; path = RegisterVC.swift; sourceTree = "<group>"; };
		387680462C5554B8008AED3D /* ShoppingApp.app */ = {isa = PBXFileReference; explicitFileType = wrapper.application; includeInIndex = 0; path = ShoppingApp.app; sourceTree = BUILT_PRODUCTS_DIR; };
		387680492C5554B8008AED3D /* AppDelegate.swift */ = {isa = PBXFileReference; lastKnownFileType = sourcecode.swift; path = AppDelegate.swift; sourceTree = "<group>"; };
		3876804B2C5554B8008AED3D /* SceneDelegate.swift */ = {isa = PBXFileReference; lastKnownFileType = sourcecode.swift; path = SceneDelegate.swift; sourceTree = "<group>"; };
		387680522C5554BC008AED3D /* Assets.xcassets */ = {isa = PBXFileReference; lastKnownFileType = folder.assetcatalog; path = Assets.xcassets; sourceTree = "<group>"; };
		387680552C5554BC008AED3D /* Base */ = {isa = PBXFileReference; lastKnownFileType = file.storyboard; name = Base; path = Base.lproj/LaunchScreen.storyboard; sourceTree = "<group>"; };
		387680572C5554BC008AED3D /* Info.plist */ = {isa = PBXFileReference; lastKnownFileType = text.plist.xml; path = Info.plist; sourceTree = "<group>"; };
		387680642C5562B4008AED3D /* HomeVC.swift */ = {isa = PBXFileReference; lastKnownFileType = sourcecode.swift; path = HomeVC.swift; sourceTree = "<group>"; };
		387680662C5562CD008AED3D /* CartVC.swift */ = {isa = PBXFileReference; lastKnownFileType = sourcecode.swift; path = CartVC.swift; sourceTree = "<group>"; };
		3876806A2C5565A0008AED3D /* ProfileVC.swift */ = {isa = PBXFileReference; lastKnownFileType = sourcecode.swift; path = ProfileVC.swift; sourceTree = "<group>"; };
		3876806C2C5565B2008AED3D /* FavoriteVC.swift */ = {isa = PBXFileReference; lastKnownFileType = sourcecode.swift; path = FavoriteVC.swift; sourceTree = "<group>"; };
		3876806E2C556ACF008AED3D /* CustomTabBar.swift */ = {isa = PBXFileReference; lastKnownFileType = sourcecode.swift; path = CustomTabBar.swift; sourceTree = "<group>"; };
		387680712C55784E008AED3D /* NetworkManager.swift */ = {isa = PBXFileReference; lastKnownFileType = sourcecode.swift; path = NetworkManager.swift; sourceTree = "<group>"; };
		387680732C557AAB008AED3D /* Product.swift */ = {isa = PBXFileReference; lastKnownFileType = sourcecode.swift; path = Product.swift; sourceTree = "<group>"; };
		387680752C557FA2008AED3D /* ProductCell.swift */ = {isa = PBXFileReference; lastKnownFileType = sourcecode.swift; path = ProductCell.swift; sourceTree = "<group>"; };
		387680772C5596EE008AED3D /* DetailVC.swift */ = {isa = PBXFileReference; lastKnownFileType = sourcecode.swift; path = DetailVC.swift; sourceTree = "<group>"; };
		3878C19A2C563F2700FB1E1D /* ProductImageView.swift */ = {isa = PBXFileReference; lastKnownFileType = sourcecode.swift; path = ProductImageView.swift; sourceTree = "<group>"; };
		3878C19D2C56925200FB1E1D /* CartCell.swift */ = {isa = PBXFileReference; lastKnownFileType = sourcecode.swift; path = CartCell.swift; sourceTree = "<group>"; };
		3878C19F2C56926800FB1E1D /* CartItem.swift */ = {isa = PBXFileReference; lastKnownFileType = sourcecode.swift; path = CartItem.swift; sourceTree = "<group>"; };
		3878C1A12C56940600FB1E1D /* CartManager.swift */ = {isa = PBXFileReference; lastKnownFileType = sourcecode.swift; path = CartManager.swift; sourceTree = "<group>"; };
/* End PBXFileReference section */

/* Begin PBXFrameworksBuildPhase section */
		381C102E2C5AB36D006ECC70 /* Frameworks */ = {
			isa = PBXFrameworksBuildPhase;
			buildActionMask = 2147483647;
			files = (
			);
			runOnlyForDeploymentPostprocessing = 0;
		};
		387680432C5554B8008AED3D /* Frameworks */ = {
			isa = PBXFrameworksBuildPhase;
			buildActionMask = 2147483647;
			files = (
				3878C1A52C56A1CB00FB1E1D /* SnapKit in Frameworks */,
			);
			runOnlyForDeploymentPostprocessing = 0;
		};
/* End PBXFrameworksBuildPhase section */

/* Begin PBXGroup section */
		381C10322C5AB36D006ECC70 /* ShoppingAppAdmin */ = {
			isa = PBXGroup;
			children = (
				381C10332C5AB36D006ECC70 /* AppDelegate.swift */,
				381C10352C5AB36D006ECC70 /* SceneDelegate.swift */,
				381C10372C5AB36D006ECC70 /* ViewController.swift */,
				381C10392C5AB36D006ECC70 /* Main.storyboard */,
				381C103C2C5AB36F006ECC70 /* Assets.xcassets */,
				381C103E2C5AB36F006ECC70 /* LaunchScreen.storyboard */,
				381C10412C5AB36F006ECC70 /* Info.plist */,
			);
			path = ShoppingAppAdmin;
			sourceTree = "<group>";
		};
		381C10452C5AB3C1006ECC70 /* Shared */ = {
			isa = PBXGroup;
			children = (
				387680522C5554BC008AED3D /* Assets.xcassets */,
			);
			path = Shared;
			sourceTree = "<group>";
		};
		381C10472C5ABAFE006ECC70 /* Buttons */ = {
			isa = PBXGroup;
			children = (
				381C10482C5ABB5E006ECC70 /* SAButton.swift */,
			);
			path = Buttons;
			sourceTree = "<group>";
		};
		381C104A2C5ABB85006ECC70 /* TextFields */ = {
			isa = PBXGroup;
			children = (
				381C104B2C5ABBA2006ECC70 /* SATextField.swift */,
			);
			path = TextFields;
			sourceTree = "<group>";
		};
		3876803D2C5554B8008AED3D = {
			isa = PBXGroup;
			children = (
				381C10452C5AB3C1006ECC70 /* Shared */,
				387680482C5554B8008AED3D /* ShoppingApp */,
				381C10322C5AB36D006ECC70 /* ShoppingAppAdmin */,
				387680472C5554B8008AED3D /* Products */,
			);
			sourceTree = "<group>";
		};
		387680472C5554B8008AED3D /* Products */ = {
			isa = PBXGroup;
			children = (
				387680462C5554B8008AED3D /* ShoppingApp.app */,
				381C10312C5AB36D006ECC70 /* ShoppingAppAdmin.app */,
			);
			name = Products;
			sourceTree = "<group>";
		};
		387680482C5554B8008AED3D /* ShoppingApp */ = {
			isa = PBXGroup;
			children = (
				387680632C55618C008AED3D /* Service */,
				387680622C556187008AED3D /* Extensions */,
				387680612C556184008AED3D /* Model */,
				387680602C55617B008AED3D /* Utilities */,
				3876805F2C55616F008AED3D /* Custom Views */,
				3876805E2C556168008AED3D /* Screens */,
				3876805D2C556152008AED3D /* Support */,
				387680752C557FA2008AED3D /* ProductCell.swift */,
			);
			path = ShoppingApp;
			sourceTree = "<group>";
		};
		3876805D2C556152008AED3D /* Support */ = {
			isa = PBXGroup;
			children = (
				387680572C5554BC008AED3D /* Info.plist */,
				387680492C5554B8008AED3D /* AppDelegate.swift */,
				3876804B2C5554B8008AED3D /* SceneDelegate.swift */,
				387680542C5554BC008AED3D /* LaunchScreen.storyboard */,
			);
			path = Support;
			sourceTree = "<group>";
		};
		3876805E2C556168008AED3D /* Screens */ = {
			isa = PBXGroup;
			children = (
				387680642C5562B4008AED3D /* HomeVC.swift */,
				387680662C5562CD008AED3D /* CartVC.swift */,
				3876806A2C5565A0008AED3D /* ProfileVC.swift */,
				3876806C2C5565B2008AED3D /* FavoriteVC.swift */,
				387680772C5596EE008AED3D /* DetailVC.swift */,
				381C104D2C5ABBD3006ECC70 /* LoginVC.swift */,
				381C10512C5ABD94006ECC70 /* RegisterVC.swift */,
			);
			path = Screens;
			sourceTree = "<group>";
		};
		3876805F2C55616F008AED3D /* Custom Views */ = {
			isa = PBXGroup;
			children = (
				381C104A2C5ABB85006ECC70 /* TextFields */,
				381C10472C5ABAFE006ECC70 /* Buttons */,
				3878C19C2C56923C00FB1E1D /* CartCell */,
				3878C1992C563F1900FB1E1D /* İmageView */,
				387680702C556F4F008AED3D /* TabBar */,
				381C104F2C5ABCCB006ECC70 /* AuthHeaderView.swift */,
			);
			path = "Custom Views";
			sourceTree = "<group>";
		};
		387680602C55617B008AED3D /* Utilities */ = {
			isa = PBXGroup;
			children = (
			);
			path = Utilities;
			sourceTree = "<group>";
		};
		387680612C556184008AED3D /* Model */ = {
			isa = PBXGroup;
			children = (
				387680732C557AAB008AED3D /* Product.swift */,
				3878C19F2C56926800FB1E1D /* CartItem.swift */,
			);
			path = Model;
			sourceTree = "<group>";
		};
		387680622C556187008AED3D /* Extensions */ = {
			isa = PBXGroup;
			children = (
			);
			path = Extensions;
			sourceTree = "<group>";
		};
		387680632C55618C008AED3D /* Service */ = {
			isa = PBXGroup;
			children = (
				387680712C55784E008AED3D /* NetworkManager.swift */,
				3878C1A12C56940600FB1E1D /* CartManager.swift */,
			);
			path = Service;
			sourceTree = "<group>";
		};
		387680702C556F4F008AED3D /* TabBar */ = {
			isa = PBXGroup;
			children = (
				3876806E2C556ACF008AED3D /* CustomTabBar.swift */,
			);
			path = TabBar;
			sourceTree = "<group>";
		};
		3878C1992C563F1900FB1E1D /* İmageView */ = {
			isa = PBXGroup;
			children = (
				3878C19A2C563F2700FB1E1D /* ProductImageView.swift */,
			);
			name = "İmageView";
			path = "İmageView";
			sourceTree = "<group>";
		};
		3878C19C2C56923C00FB1E1D /* CartCell */ = {
			isa = PBXGroup;
			children = (
				3878C19D2C56925200FB1E1D /* CartCell.swift */,
			);
			path = CartCell;
			sourceTree = "<group>";
		};
/* End PBXGroup section */

/* Begin PBXNativeTarget section */
		381C10302C5AB36D006ECC70 /* ShoppingAppAdmin */ = {
			isa = PBXNativeTarget;
			buildConfigurationList = 381C10442C5AB36F006ECC70 /* Build configuration list for PBXNativeTarget "ShoppingAppAdmin" */;
			buildPhases = (
				381C102D2C5AB36D006ECC70 /* Sources */,
				381C102E2C5AB36D006ECC70 /* Frameworks */,
				381C102F2C5AB36D006ECC70 /* Resources */,
			);
			buildRules = (
			);
			dependencies = (
			);
			name = ShoppingAppAdmin;
			productName = ShoppingAppAdmin;
			productReference = 381C10312C5AB36D006ECC70 /* ShoppingAppAdmin.app */;
			productType = "com.apple.product-type.application";
		};
		387680452C5554B8008AED3D /* ShoppingApp */ = {
			isa = PBXNativeTarget;
			buildConfigurationList = 3876805A2C5554BC008AED3D /* Build configuration list for PBXNativeTarget "ShoppingApp" */;
			buildPhases = (
				387680422C5554B8008AED3D /* Sources */,
				387680432C5554B8008AED3D /* Frameworks */,
				387680442C5554B8008AED3D /* Resources */,
			);
			buildRules = (
			);
			dependencies = (
			);
			name = ShoppingApp;
			packageProductDependencies = (
				3878C1A42C56A1CB00FB1E1D /* SnapKit */,
			);
			productName = ShoppingApp;
			productReference = 387680462C5554B8008AED3D /* ShoppingApp.app */;
			productType = "com.apple.product-type.application";
		};
/* End PBXNativeTarget section */

/* Begin PBXProject section */
		3876803E2C5554B8008AED3D /* Project object */ = {
			isa = PBXProject;
			attributes = {
				BuildIndependentTargetsInParallel = 1;
				LastSwiftUpdateCheck = 1500;
				LastUpgradeCheck = 1500;
				TargetAttributes = {
					381C10302C5AB36D006ECC70 = {
						CreatedOnToolsVersion = 15.0.1;
					};
					387680452C5554B8008AED3D = {
						CreatedOnToolsVersion = 15.0.1;
					};
				};
			};
			buildConfigurationList = 387680412C5554B8008AED3D /* Build configuration list for PBXProject "ShoppingApp" */;
			compatibilityVersion = "Xcode 14.0";
			developmentRegion = en;
			hasScannedForEncodings = 0;
			knownRegions = (
				en,
				Base,
			);
			mainGroup = 3876803D2C5554B8008AED3D;
			packageReferences = (
				3878C1A32C56A1CB00FB1E1D /* XCRemoteSwiftPackageReference "SnapKit" */,
			);
			productRefGroup = 387680472C5554B8008AED3D /* Products */;
			projectDirPath = "";
			projectRoot = "";
			targets = (
				387680452C5554B8008AED3D /* ShoppingApp */,
				381C10302C5AB36D006ECC70 /* ShoppingAppAdmin */,
			);
		};
/* End PBXProject section */

/* Begin PBXResourcesBuildPhase section */
		381C102F2C5AB36D006ECC70 /* Resources */ = {
			isa = PBXResourcesBuildPhase;
			buildActionMask = 2147483647;
			files = (
				381C10402C5AB36F006ECC70 /* LaunchScreen.storyboard in Resources */,
				381C103D2C5AB36F006ECC70 /* Assets.xcassets in Resources */,
				381C10462C5AB3F3006ECC70 /* Assets.xcassets in Resources */,
				381C103B2C5AB36D006ECC70 /* Main.storyboard in Resources */,
			);
			runOnlyForDeploymentPostprocessing = 0;
		};
		387680442C5554B8008AED3D /* Resources */ = {
			isa = PBXResourcesBuildPhase;
			buildActionMask = 2147483647;
			files = (
				387680562C5554BC008AED3D /* LaunchScreen.storyboard in Resources */,
				387680532C5554BC008AED3D /* Assets.xcassets in Resources */,
			);
			runOnlyForDeploymentPostprocessing = 0;
		};
/* End PBXResourcesBuildPhase section */

/* Begin PBXSourcesBuildPhase section */
		381C102D2C5AB36D006ECC70 /* Sources */ = {
			isa = PBXSourcesBuildPhase;
			buildActionMask = 2147483647;
			files = (
				381C10382C5AB36D006ECC70 /* ViewController.swift in Sources */,
				381C10342C5AB36D006ECC70 /* AppDelegate.swift in Sources */,
				381C10362C5AB36D006ECC70 /* SceneDelegate.swift in Sources */,
			);
			runOnlyForDeploymentPostprocessing = 0;
		};
		387680422C5554B8008AED3D /* Sources */ = {
			isa = PBXSourcesBuildPhase;
			buildActionMask = 2147483647;
			files = (
				3876806B2C5565A0008AED3D /* ProfileVC.swift in Sources */,
				381C104C2C5ABBA2006ECC70 /* SATextField.swift in Sources */,
				387680672C5562CD008AED3D /* CartVC.swift in Sources */,
				387680782C5596EE008AED3D /* DetailVC.swift in Sources */,
				387680742C557AAB008AED3D /* Product.swift in Sources */,
				3876806F2C556ACF008AED3D /* CustomTabBar.swift in Sources */,
				387680652C5562B4008AED3D /* HomeVC.swift in Sources */,
				3878C1A02C56926800FB1E1D /* CartItem.swift in Sources */,
				3878C19E2C56925200FB1E1D /* CartCell.swift in Sources */,
				381C10522C5ABD94006ECC70 /* RegisterVC.swift in Sources */,
				387680722C55784E008AED3D /* NetworkManager.swift in Sources */,
				381C10492C5ABB5E006ECC70 /* SAButton.swift in Sources */,
				3876804A2C5554B8008AED3D /* AppDelegate.swift in Sources */,
				3878C1A22C56940600FB1E1D /* CartManager.swift in Sources */,
				3878C19B2C563F2700FB1E1D /* ProductImageView.swift in Sources */,
				381C104E2C5ABBD3006ECC70 /* LoginVC.swift in Sources */,
				387680762C557FA2008AED3D /* ProductCell.swift in Sources */,
				381C10502C5ABCCB006ECC70 /* AuthHeaderView.swift in Sources */,
				3876806D2C5565B2008AED3D /* FavoriteVC.swift in Sources */,
				3876804C2C5554B8008AED3D /* SceneDelegate.swift in Sources */,
			);
			runOnlyForDeploymentPostprocessing = 0;
		};
/* End PBXSourcesBuildPhase section */

/* Begin PBXVariantGroup section */
		381C10392C5AB36D006ECC70 /* Main.storyboard */ = {
			isa = PBXVariantGroup;
			children = (
				381C103A2C5AB36D006ECC70 /* Base */,
			);
			name = Main.storyboard;
			sourceTree = "<group>";
		};
		381C103E2C5AB36F006ECC70 /* LaunchScreen.storyboard */ = {
			isa = PBXVariantGroup;
			children = (
				381C103F2C5AB36F006ECC70 /* Base */,
			);
			name = LaunchScreen.storyboard;
			sourceTree = "<group>";
		};
		387680542C5554BC008AED3D /* LaunchScreen.storyboard */ = {
			isa = PBXVariantGroup;
			children = (
				387680552C5554BC008AED3D /* Base */,
			);
			name = LaunchScreen.storyboard;
			sourceTree = "<group>";
		};
/* End PBXVariantGroup section */

/* Begin XCBuildConfiguration section */
		381C10422C5AB36F006ECC70 /* Debug */ = {
			isa = XCBuildConfiguration;
			buildSettings = {
				ASSETCATALOG_COMPILER_APPICON_NAME = AppIcon;
				ASSETCATALOG_COMPILER_GLOBAL_ACCENT_COLOR_NAME = AccentColor;
				CODE_SIGN_STYLE = Automatic;
				CURRENT_PROJECT_VERSION = 1;
				DEVELOPMENT_TEAM = S274C7V2R8;
				GENERATE_INFOPLIST_FILE = YES;
				INFOPLIST_FILE = ShoppingAppAdmin/Info.plist;
				INFOPLIST_KEY_UIApplicationSupportsIndirectInputEvents = YES;
				INFOPLIST_KEY_UILaunchStoryboardName = LaunchScreen;
				INFOPLIST_KEY_UIMainStoryboardFile = Main;
				INFOPLIST_KEY_UISupportedInterfaceOrientations_iPad = "UIInterfaceOrientationPortrait UIInterfaceOrientationPortraitUpsideDown UIInterfaceOrientationLandscapeLeft UIInterfaceOrientationLandscapeRight";
				INFOPLIST_KEY_UISupportedInterfaceOrientations_iPhone = "UIInterfaceOrientationPortrait UIInterfaceOrientationLandscapeLeft UIInterfaceOrientationLandscapeRight";
				LD_RUNPATH_SEARCH_PATHS = (
					"$(inherited)",
					"@executable_path/Frameworks",
				);
				MARKETING_VERSION = 1.0;
				PRODUCT_BUNDLE_IDENTIFIER = com.ramimutafa.ShoppingAppAdmin;
				PRODUCT_NAME = "$(TARGET_NAME)";
				SWIFT_EMIT_LOC_STRINGS = YES;
				SWIFT_VERSION = 5.0;
				TARGETED_DEVICE_FAMILY = "1,2";
			};
			name = Debug;
		};
		381C10432C5AB36F006ECC70 /* Release */ = {
			isa = XCBuildConfiguration;
			buildSettings = {
				ASSETCATALOG_COMPILER_APPICON_NAME = AppIcon;
				ASSETCATALOG_COMPILER_GLOBAL_ACCENT_COLOR_NAME = AccentColor;
				CODE_SIGN_STYLE = Automatic;
				CURRENT_PROJECT_VERSION = 1;
				DEVELOPMENT_TEAM = S274C7V2R8;
				GENERATE_INFOPLIST_FILE = YES;
				INFOPLIST_FILE = ShoppingAppAdmin/Info.plist;
				INFOPLIST_KEY_UIApplicationSupportsIndirectInputEvents = YES;
				INFOPLIST_KEY_UILaunchStoryboardName = LaunchScreen;
				INFOPLIST_KEY_UIMainStoryboardFile = Main;
				INFOPLIST_KEY_UISupportedInterfaceOrientations_iPad = "UIInterfaceOrientationPortrait UIInterfaceOrientationPortraitUpsideDown UIInterfaceOrientationLandscapeLeft UIInterfaceOrientationLandscapeRight";
				INFOPLIST_KEY_UISupportedInterfaceOrientations_iPhone = "UIInterfaceOrientationPortrait UIInterfaceOrientationLandscapeLeft UIInterfaceOrientationLandscapeRight";
				LD_RUNPATH_SEARCH_PATHS = (
					"$(inherited)",
					"@executable_path/Frameworks",
				);
				MARKETING_VERSION = 1.0;
				PRODUCT_BUNDLE_IDENTIFIER = com.ramimutafa.ShoppingAppAdmin;
				PRODUCT_NAME = "$(TARGET_NAME)";
				SWIFT_EMIT_LOC_STRINGS = YES;
				SWIFT_VERSION = 5.0;
				TARGETED_DEVICE_FAMILY = "1,2";
			};
			name = Release;
		};
		387680582C5554BC008AED3D /* Debug */ = {
			isa = XCBuildConfiguration;
			buildSettings = {
				ALWAYS_SEARCH_USER_PATHS = NO;
				ASSETCATALOG_COMPILER_GENERATE_SWIFT_ASSET_SYMBOL_EXTENSIONS = YES;
				CLANG_ANALYZER_NONNULL = YES;
				CLANG_ANALYZER_NUMBER_OBJECT_CONVERSION = YES_AGGRESSIVE;
				CLANG_CXX_LANGUAGE_STANDARD = "gnu++20";
				CLANG_ENABLE_MODULES = YES;
				CLANG_ENABLE_OBJC_ARC = YES;
				CLANG_ENABLE_OBJC_WEAK = YES;
				CLANG_WARN_BLOCK_CAPTURE_AUTORELEASING = YES;
				CLANG_WARN_BOOL_CONVERSION = YES;
				CLANG_WARN_COMMA = YES;
				CLANG_WARN_CONSTANT_CONVERSION = YES;
				CLANG_WARN_DEPRECATED_OBJC_IMPLEMENTATIONS = YES;
				CLANG_WARN_DIRECT_OBJC_ISA_USAGE = YES_ERROR;
				CLANG_WARN_DOCUMENTATION_COMMENTS = YES;
				CLANG_WARN_EMPTY_BODY = YES;
				CLANG_WARN_ENUM_CONVERSION = YES;
				CLANG_WARN_INFINITE_RECURSION = YES;
				CLANG_WARN_INT_CONVERSION = YES;
				CLANG_WARN_NON_LITERAL_NULL_CONVERSION = YES;
				CLANG_WARN_OBJC_IMPLICIT_RETAIN_SELF = YES;
				CLANG_WARN_OBJC_LITERAL_CONVERSION = YES;
				CLANG_WARN_OBJC_ROOT_CLASS = YES_ERROR;
				CLANG_WARN_QUOTED_INCLUDE_IN_FRAMEWORK_HEADER = YES;
				CLANG_WARN_RANGE_LOOP_ANALYSIS = YES;
				CLANG_WARN_STRICT_PROTOTYPES = YES;
				CLANG_WARN_SUSPICIOUS_MOVE = YES;
				CLANG_WARN_UNGUARDED_AVAILABILITY = YES_AGGRESSIVE;
				CLANG_WARN_UNREACHABLE_CODE = YES;
				CLANG_WARN__DUPLICATE_METHOD_MATCH = YES;
				COPY_PHASE_STRIP = NO;
				DEBUG_INFORMATION_FORMAT = dwarf;
				ENABLE_STRICT_OBJC_MSGSEND = YES;
				ENABLE_TESTABILITY = YES;
				ENABLE_USER_SCRIPT_SANDBOXING = YES;
				GCC_C_LANGUAGE_STANDARD = gnu17;
				GCC_DYNAMIC_NO_PIC = NO;
				GCC_NO_COMMON_BLOCKS = YES;
				GCC_OPTIMIZATION_LEVEL = 0;
				GCC_PREPROCESSOR_DEFINITIONS = (
					"DEBUG=1",
					"$(inherited)",
				);
				GCC_WARN_64_TO_32_BIT_CONVERSION = YES;
				GCC_WARN_ABOUT_RETURN_TYPE = YES_ERROR;
				GCC_WARN_UNDECLARED_SELECTOR = YES;
				GCC_WARN_UNINITIALIZED_AUTOS = YES_AGGRESSIVE;
				GCC_WARN_UNUSED_FUNCTION = YES;
				GCC_WARN_UNUSED_VARIABLE = YES;
				IPHONEOS_DEPLOYMENT_TARGET = 17.0;
				LOCALIZATION_PREFERS_STRING_CATALOGS = YES;
				MTL_ENABLE_DEBUG_INFO = INCLUDE_SOURCE;
				MTL_FAST_MATH = YES;
				ONLY_ACTIVE_ARCH = YES;
				SDKROOT = iphoneos;
				SWIFT_ACTIVE_COMPILATION_CONDITIONS = "DEBUG $(inherited)";
				SWIFT_OPTIMIZATION_LEVEL = "-Onone";
			};
			name = Debug;
		};
		387680592C5554BC008AED3D /* Release */ = {
			isa = XCBuildConfiguration;
			buildSettings = {
				ALWAYS_SEARCH_USER_PATHS = NO;
				ASSETCATALOG_COMPILER_GENERATE_SWIFT_ASSET_SYMBOL_EXTENSIONS = YES;
				CLANG_ANALYZER_NONNULL = YES;
				CLANG_ANALYZER_NUMBER_OBJECT_CONVERSION = YES_AGGRESSIVE;
				CLANG_CXX_LANGUAGE_STANDARD = "gnu++20";
				CLANG_ENABLE_MODULES = YES;
				CLANG_ENABLE_OBJC_ARC = YES;
				CLANG_ENABLE_OBJC_WEAK = YES;
				CLANG_WARN_BLOCK_CAPTURE_AUTORELEASING = YES;
				CLANG_WARN_BOOL_CONVERSION = YES;
				CLANG_WARN_COMMA = YES;
				CLANG_WARN_CONSTANT_CONVERSION = YES;
				CLANG_WARN_DEPRECATED_OBJC_IMPLEMENTATIONS = YES;
				CLANG_WARN_DIRECT_OBJC_ISA_USAGE = YES_ERROR;
				CLANG_WARN_DOCUMENTATION_COMMENTS = YES;
				CLANG_WARN_EMPTY_BODY = YES;
				CLANG_WARN_ENUM_CONVERSION = YES;
				CLANG_WARN_INFINITE_RECURSION = YES;
				CLANG_WARN_INT_CONVERSION = YES;
				CLANG_WARN_NON_LITERAL_NULL_CONVERSION = YES;
				CLANG_WARN_OBJC_IMPLICIT_RETAIN_SELF = YES;
				CLANG_WARN_OBJC_LITERAL_CONVERSION = YES;
				CLANG_WARN_OBJC_ROOT_CLASS = YES_ERROR;
				CLANG_WARN_QUOTED_INCLUDE_IN_FRAMEWORK_HEADER = YES;
				CLANG_WARN_RANGE_LOOP_ANALYSIS = YES;
				CLANG_WARN_STRICT_PROTOTYPES = YES;
				CLANG_WARN_SUSPICIOUS_MOVE = YES;
				CLANG_WARN_UNGUARDED_AVAILABILITY = YES_AGGRESSIVE;
				CLANG_WARN_UNREACHABLE_CODE = YES;
				CLANG_WARN__DUPLICATE_METHOD_MATCH = YES;
				COPY_PHASE_STRIP = NO;
				DEBUG_INFORMATION_FORMAT = "dwarf-with-dsym";
				ENABLE_NS_ASSERTIONS = NO;
				ENABLE_STRICT_OBJC_MSGSEND = YES;
				ENABLE_USER_SCRIPT_SANDBOXING = YES;
				GCC_C_LANGUAGE_STANDARD = gnu17;
				GCC_NO_COMMON_BLOCKS = YES;
				GCC_WARN_64_TO_32_BIT_CONVERSION = YES;
				GCC_WARN_ABOUT_RETURN_TYPE = YES_ERROR;
				GCC_WARN_UNDECLARED_SELECTOR = YES;
				GCC_WARN_UNINITIALIZED_AUTOS = YES_AGGRESSIVE;
				GCC_WARN_UNUSED_FUNCTION = YES;
				GCC_WARN_UNUSED_VARIABLE = YES;
				IPHONEOS_DEPLOYMENT_TARGET = 17.0;
				LOCALIZATION_PREFERS_STRING_CATALOGS = YES;
				MTL_ENABLE_DEBUG_INFO = NO;
				MTL_FAST_MATH = YES;
				SDKROOT = iphoneos;
				SWIFT_COMPILATION_MODE = wholemodule;
				VALIDATE_PRODUCT = YES;
			};
			name = Release;
		};
		3876805B2C5554BC008AED3D /* Debug */ = {
			isa = XCBuildConfiguration;
			buildSettings = {
				ASSETCATALOG_COMPILER_APPICON_NAME = AppIcon;
				ASSETCATALOG_COMPILER_GLOBAL_ACCENT_COLOR_NAME = AccentColor;
				CODE_SIGN_STYLE = Automatic;
				CURRENT_PROJECT_VERSION = 1;
				DEVELOPMENT_TEAM = S274C7V2R8;
				GENERATE_INFOPLIST_FILE = YES;
				INFOPLIST_FILE = ShoppingApp/Support/Info.plist;
				INFOPLIST_KEY_UIApplicationSupportsIndirectInputEvents = YES;
				INFOPLIST_KEY_UILaunchStoryboardName = LaunchScreen;
				INFOPLIST_KEY_UISupportedInterfaceOrientations_iPad = "UIInterfaceOrientationPortrait UIInterfaceOrientationPortraitUpsideDown UIInterfaceOrientationLandscapeLeft UIInterfaceOrientationLandscapeRight";
				INFOPLIST_KEY_UISupportedInterfaceOrientations_iPhone = "UIInterfaceOrientationPortrait UIInterfaceOrientationLandscapeLeft UIInterfaceOrientationLandscapeRight";
				LD_RUNPATH_SEARCH_PATHS = (
					"$(inherited)",
					"@executable_path/Frameworks",
				);
				MARKETING_VERSION = 1.0;
				PRODUCT_BUNDLE_IDENTIFIER = com.ramimutafa.ShoppingApp;
				PRODUCT_NAME = "$(TARGET_NAME)";
				SWIFT_EMIT_LOC_STRINGS = YES;
				SWIFT_VERSION = 5.0;
				TARGETED_DEVICE_FAMILY = "1,2";
			};
			name = Debug;
		};
		3876805C2C5554BC008AED3D /* Release */ = {
			isa = XCBuildConfiguration;
			buildSettings = {
				ASSETCATALOG_COMPILER_APPICON_NAME = AppIcon;
				ASSETCATALOG_COMPILER_GLOBAL_ACCENT_COLOR_NAME = AccentColor;
				CODE_SIGN_STYLE = Automatic;
				CURRENT_PROJECT_VERSION = 1;
				DEVELOPMENT_TEAM = S274C7V2R8;
				GENERATE_INFOPLIST_FILE = YES;
				INFOPLIST_FILE = ShoppingApp/Support/Info.plist;
				INFOPLIST_KEY_UIApplicationSupportsIndirectInputEvents = YES;
				INFOPLIST_KEY_UILaunchStoryboardName = LaunchScreen;
				INFOPLIST_KEY_UISupportedInterfaceOrientations_iPad = "UIInterfaceOrientationPortrait UIInterfaceOrientationPortraitUpsideDown UIInterfaceOrientationLandscapeLeft UIInterfaceOrientationLandscapeRight";
				INFOPLIST_KEY_UISupportedInterfaceOrientations_iPhone = "UIInterfaceOrientationPortrait UIInterfaceOrientationLandscapeLeft UIInterfaceOrientationLandscapeRight";
				LD_RUNPATH_SEARCH_PATHS = (
					"$(inherited)",
					"@executable_path/Frameworks",
				);
				MARKETING_VERSION = 1.0;
				PRODUCT_BUNDLE_IDENTIFIER = com.ramimutafa.ShoppingApp;
				PRODUCT_NAME = "$(TARGET_NAME)";
				SWIFT_EMIT_LOC_STRINGS = YES;
				SWIFT_VERSION = 5.0;
				TARGETED_DEVICE_FAMILY = "1,2";
			};
			name = Release;
		};
/* End XCBuildConfiguration section */

/* Begin XCConfigurationList section */
		381C10442C5AB36F006ECC70 /* Build configuration list for PBXNativeTarget "ShoppingAppAdmin" */ = {
			isa = XCConfigurationList;
			buildConfigurations = (
				381C10422C5AB36F006ECC70 /* Debug */,
				381C10432C5AB36F006ECC70 /* Release */,
			);
			defaultConfigurationIsVisible = 0;
			defaultConfigurationName = Release;
		};
		387680412C5554B8008AED3D /* Build configuration list for PBXProject "ShoppingApp" */ = {
			isa = XCConfigurationList;
			buildConfigurations = (
				387680582C5554BC008AED3D /* Debug */,
				387680592C5554BC008AED3D /* Release */,
			);
			defaultConfigurationIsVisible = 0;
			defaultConfigurationName = Release;
		};
		3876805A2C5554BC008AED3D /* Build configuration list for PBXNativeTarget "ShoppingApp" */ = {
			isa = XCConfigurationList;
			buildConfigurations = (
				3876805B2C5554BC008AED3D /* Debug */,
				3876805C2C5554BC008AED3D /* Release */,
			);
			defaultConfigurationIsVisible = 0;
			defaultConfigurationName = Release;
		};
/* End XCConfigurationList section */

/* Begin XCRemoteSwiftPackageReference section */
		3878C1A32C56A1CB00FB1E1D /* XCRemoteSwiftPackageReference "SnapKit" */ = {
			isa = XCRemoteSwiftPackageReference;
			repositoryURL = "https://github.com/SnapKit/SnapKit.git";
			requirement = {
				kind = upToNextMajorVersion;
				minimumVersion = 5.7.1;
			};
		};
/* End XCRemoteSwiftPackageReference section */

/* Begin XCSwiftPackageProductDependency section */
		3878C1A42C56A1CB00FB1E1D /* SnapKit */ = {
			isa = XCSwiftPackageProductDependency;
			package = 3878C1A32C56A1CB00FB1E1D /* XCRemoteSwiftPackageReference "SnapKit" */;
			productName = SnapKit;
		};
/* End XCSwiftPackageProductDependency section */
	};
	rootObject = 3876803E2C5554B8008AED3D /* Project object */;
}
